
Microsoft Visual Studio Solution File, Format Version 12.00
# Visual Studio Version 16
VisualStudioVersion = 16.0.30907.101
MinimumVisualStudioVersion = 10.0.40219.1
Project("{FAE04EC0-301F-11D3-BF4B-00C04F79EFBC}") = "AutoLotDALCore", "AutoLotDALCore\AutoLotDALCore.csproj", "{15C6ED75-1BA2-46A7-B322-48A669C1CE90}"
EndProject
Project("{FAE04EC0-301F-11D3-BF4B-00C04F79EFBC}") = "AutoLotDAL.Models", "AutoLotDAL.Models\AutoLotDAL.Models.csproj", "{4E2AE966-240A-457B-A0EB-5800734B9E5A}"
EndProject
Project("{FAE04EC0-301F-11D3-BF4B-00C04F79EFBC}") = "AutoLotDAL.TestDriver", "AutoLotDAL.TestDriver\AutoLotDAL.TestDriver.csproj", "{F89C07B7-1E1B-43EC-8F3B-FBCD695949C9}"
EndProject
Global
	GlobalSection(SolutionConfigurationPlatforms) = preSolution
		Debug|Any CPU = Debug|Any CPU
		Release|Any CPU = Release|Any CPU
	EndGlobalSection
	GlobalSection(ProjectConfigurationPlatforms) = postSolution
		{15C6ED75-1BA2-46A7-B322-48A669C1CE90}.Debug|Any CPU.ActiveCfg = Debug|Any CPU
		{15C6ED75-1BA2-46A7-B322-48A669C1CE90}.Debug|Any CPU.Build.0 = Debug|Any CPU
		{15C6ED75-1BA2-46A7-B322-48A669C1CE90}.Release|Any CPU.ActiveCfg = Release|Any CPU
		{15C6ED75-1BA2-46A7-B322-48A669C1CE90}.Release|Any CPU.Build.0 = Release|Any CPU
		{4E2AE966-240A-457B-A0EB-5800734B9E5A}.Debug|Any CPU.ActiveCfg = Debug|Any CPU
		{4E2AE966-240A-457B-A0EB-5800734B9E5A}.Debug|Any CPU.Build.0 = Debug|Any CPU
		{4E2AE966-240A-457B-A0EB-5800734B9E5A}.Release|Any CPU.ActiveCfg = Release|Any CPU
		{4E2AE966-240A-457B-A0EB-5800734B9E5A}.Release|Any CPU.Build.0 = Release|Any CPU
		{F89C07B7-1E1B-43EC-8F3B-FBCD695949C9}.Debug|Any CPU.ActiveCfg = Debug|Any CPU
		{F89C07B7-1E1B-43EC-8F3B-FBCD695949C9}.Debug|Any CPU.Build.0 = Debug|Any CPU
		{F89C07B7-1E1B-43EC-8F3B-FBCD695949C9}.Release|Any CPU.ActiveCfg = Release|Any CPU
		{F89C07B7-1E1B-43EC-8F3B-FBCD695949C9}.Release|Any CPU.Build.0 = Release|Any CPU
	EndGlobalSection
	GlobalSection(SolutionProperties) = preSolution
		HideSolutionNode = FALSE
	EndGlobalSection
	GlobalSection(ExtensibilityGlobals) = postSolution
		SolutionGuid = {1554E114-C54B-42DD-9F77-366C18C472B4}
	EndGlobalSection
EndGlobal
